// !$*UTF8*$!
{
	archiveVersion = 1;
	classes = {
	};
	objectVersion = 48;
	objects = {

/* Begin PBXBuildFile section */
		8043D5AB20F4D84F002CCA4E /* AppDelegate.swift in Sources */ = {isa = PBXBuildFile; fileRef = 8043D5AA20F4D84F002CCA4E /* AppDelegate.swift */; };
		8043D5AD20F4D84F002CCA4E /* ViewController.swift in Sources */ = {isa = PBXBuildFile; fileRef = 8043D5AC20F4D84F002CCA4E /* ViewController.swift */; };
		8043D5B020F4D84F002CCA4E /* Main.storyboard in Resources */ = {isa = PBXBuildFile; fileRef = 8043D5AE20F4D84F002CCA4E /* Main.storyboard */; };
		8043D5B220F4D84F002CCA4E /* Assets.xcassets in Resources */ = {isa = PBXBuildFile; fileRef = 8043D5B120F4D84F002CCA4E /* Assets.xcassets */; };
		8043D5B520F4D84F002CCA4E /* LaunchScreen.storyboard in Resources */ = {isa = PBXBuildFile; fileRef = 8043D5B320F4D84F002CCA4E /* LaunchScreen.storyboard */; };
		8043D5BD20F4D8A5002CCA4E /* MenuButton.swift in Sources */ = {isa = PBXBuildFile; fileRef = 8043D5BC20F4D8A5002CCA4E /* MenuButton.swift */; };
/* End PBXBuildFile section */

/* Begin PBXFileReference section */
		8043D5A720F4D84F002CCA4E /* MenuButtonAnimation.app */ = {isa = PBXFileReference; explicitFileType = wrapper.application; includeInIndex = 0; path = MenuButtonAnimation.app; sourceTree = BUILT_PRODUCTS_DIR; };
		8043D5AA20F4D84F002CCA4E /* AppDelegate.swift */ = {isa = PBXFileReference; lastKnownFileType = sourcecode.swift; path = AppDelegate.swift; sourceTree = "<group>"; };
		8043D5AC20F4D84F002CCA4E /* ViewController.swift */ = {isa = PBXFileReference; lastKnownFileType = sourcecode.swift; path = ViewController.swift; sourceTree = "<group>"; };
		8043D5AF20F4D84F002CCA4E /* Base */ = {isa = PBXFileReference; lastKnownFileType = file.storyboard; name = Base; path = Base.lproj/Main.storyboard; sourceTree = "<group>"; };
		8043D5B120F4D84F002CCA4E /* Assets.xcassets */ = {isa = PBXFileReference; lastKnownFileType = folder.assetcatalog; path = Assets.xcassets; sourceTree = "<group>"; };
		8043D5B420F4D84F002CCA4E /* Base */ = {isa = PBXFileReference; lastKnownFileType = file.storyboard; name = Base; path = Base.lproj/LaunchScreen.storyboard; sourceTree = "<group>"; };
		8043D5B620F4D84F002CCA4E /* Info.plist */ = {isa = PBXFileReference; lastKnownFileType = text.plist.xml; path = Info.plist; sourceTree = "<group>"; };
		8043D5BC20F4D8A5002CCA4E /* MenuButton.swift */ = {isa = PBXFileReference; lastKnownFileType = sourcecode.swift; path = MenuButton.swift; sourceTree = "<group>"; };
/* End PBXFileReference section */

/* Begin PBXFrameworksBuildPhase section */
		8043D5A420F4D84F002CCA4E /* Frameworks */ = {
			isa = PBXFrameworksBuildPhase;
			buildActionMask = 2147483647;
			files = (
			);
			runOnlyForDeploymentPostprocessing = 0;
		};
/* End PBXFrameworksBuildPhase section */

/* Begin PBXGroup section */
		8043D59E20F4D84F002CCA4E = {
			isa = PBXGroup;
			children = (
				8043D5A920F4D84F002CCA4E /* MenuButtonAnimation */,
				8043D5A820F4D84F002CCA4E /* Products */,
			);
			sourceTree = "<group>";
		};
		8043D5A820F4D84F002CCA4E /* Products */ = {
			isa = PBXGroup;
			children = (
				8043D5A720F4D84F002CCA4E /* MenuButtonAnimation.app */,
			);
			name = Products;
			sourceTree = "<group>";
		};
		8043D5A920F4D84F002CCA4E /* MenuButtonAnimation */ = {
			isa = PBXGroup;
			children = (
				8043D5AA20F4D84F002CCA4E /* AppDelegate.swift */,
				8043D5AC20F4D84F002CCA4E /* ViewController.swift */,
				8043D5BC20F4D8A5002CCA4E /* MenuButton.swift */,
				8043D5AE20F4D84F002CCA4E /* Main.storyboard */,
				8043D5B120F4D84F002CCA4E /* Assets.xcassets */,
				8043D5B320F4D84F002CCA4E /* LaunchScreen.storyboard */,
				8043D5B620F4D84F002CCA4E /* Info.plist */,
			);
			path = MenuButtonAnimation;
			sourceTree = "<group>";
		};
/* End PBXGroup section */

/* Begin PBXNativeTarget section */
		8043D5A620F4D84F002CCA4E /* MenuButtonAnimation */ = {
			isa = PBXNativeTarget;
			buildConfigurationList = 8043D5B920F4D84F002CCA4E /* Build configuration list for PBXNativeTarget "MenuButtonAnimation" */;
			buildPhases = (
				8043D5A320F4D84F002CCA4E /* Sources */,
				8043D5A420F4D84F002CCA4E /* Frameworks */,
				8043D5A520F4D84F002CCA4E /* Resources */,
			);
			buildRules = (
			);
			dependencies = (
			);
			name = MenuButtonAnimation;
			productName = MenuButtonAnimation;
			productReference = 8043D5A720F4D84F002CCA4E /* MenuButtonAnimation.app */;
			productType = "com.apple.product-type.application";
		};
/* End PBXNativeTarget section */

/* Begin PBXProject section */
		8043D59F20F4D84F002CCA4E /* Project object */ = {
			isa = PBXProject;
			attributes = {
				LastSwiftUpdateCheck = 0920;
				LastUpgradeCheck = 0920;
				ORGANIZATIONNAME = Animators;
				TargetAttributes = {
					8043D5A620F4D84F002CCA4E = {
						CreatedOnToolsVersion = 9.2;
						ProvisioningStyle = Automatic;
					};
				};
			};
			buildConfigurationList = 8043D5A220F4D84F002CCA4E /* Build configuration list for PBXProject "MenuButtonAnimation" */;
			compatibilityVersion = "Xcode 8.0";
			developmentRegion = en;
			hasScannedForEncodings = 0;
			knownRegions = (
				en,
				Base,
			);
			mainGroup = 8043D59E20F4D84F002CCA4E;
			productRefGroup = 8043D5A820F4D84F002CCA4E /* Products */;
			projectDirPath = "";
			projectRoot = "";
			targets = (
				8043D5A620F4D84F002CCA4E /* MenuButtonAnimation */,
			);
		};
/* End PBXProject section */

/* Begin PBXResourcesBuildPhase section */
		8043D5A520F4D84F002CCA4E /* Resources */ = {
			isa = PBXResourcesBuildPhase;
			buildActionMask = 2147483647;
			files = (
				8043D5B520F4D84F002CCA4E /* LaunchScreen.storyboard in Resources */,
				8043D5B220F4D84F002CCA4E /* Assets.xcassets in Resources */,
				8043D5B020F4D84F002CCA4E /* Main.storyboard in Resources */,
			);
			runOnlyForDeploymentPostprocessing = 0;
		};
/* End PBXResourcesBuildPhase section */

/* Begin PBXSourcesBuildPhase section */
		8043D5A320F4D84F002CCA4E /* Sources */ = {
			isa = PBXSourcesBuildPhase;
			buildActionMask = 2147483647;
			files = (
				8043D5AD20F4D84F002CCA4E /* ViewController.swift in Sources */,
				8043D5AB20F4D84F002CCA4E /* AppDelegate.swift in Sources */,
				8043D5BD20F4D8A5002CCA4E /* MenuButton.swift in Sources */,
			);
			runOnlyForDeploymentPostprocessing = 0;
		};
/* End PBXSourcesBuildPhase section */

/* Begin PBXVariantGroup section */
		8043D5AE20F4D84F002CCA4E /* Main.storyboard */ = {
			isa = PBXVariantGroup;
			children = (
				8043D5AF20F4D84F002CCA4E /* Base */,
			);
			name = Main.storyboard;
			sourceTree = "<group>";
		};
		8043D5B320F4D84F002CCA4E /* LaunchScreen.storyboard */ = {
			isa = PBXVariantGroup;
			children = (
				8043D5B420F4D84F002CCA4E /* Base */,
			);
			name = LaunchScreen.storyboard;
			sourceTree = "<group>";
		};
/* End PBXVariantGroup section */

/* Begin XCBuildConfiguration section */
		8043D5B720F4D84F002CCA4E /* Debug */ = {
			isa = XCBuildConfiguration;
			buildSettings = {
				ALWAYS_SEARCH_USER_PATHS = NO;
				CLANG_ANALYZER_NONNULL = YES;
				CLANG_ANALYZER_NUMBER_OBJECT_CONVERSION = YES_AGGRESSIVE;
				CLANG_CXX_LANGUAGE_STANDARD = "gnu++14";
				CLANG_CXX_LIBRARY = "libc++";
				CLANG_ENABLE_MODULES = YES;
				CLANG_ENABLE_OBJC_ARC = YES;
				CLANG_WARN_BLOCK_CAPTURE_AUTORELEASING = YES;
				CLANG_WARN_BOOL_CONVERSION = YES;
				CLANG_WARN_COMMA = YES;
				CLANG_WARN_CONSTANT_CONVERSION = YES;
				CLANG_WARN_DIRECT_OBJC_ISA_USAGE = YES_ERROR;
				CLANG_WARN_DOCUMENTATION_COMMENTS = YES;
				CLANG_WARN_EMPTY_BODY = YES;
				CLANG_WARN_ENUM_CONVERSION = YES;
				CLANG_WARN_INFINITE_RECURSION = YES;
				CLANG_WARN_INT_CONVERSION = YES;
				CLANG_WARN_NON_LITERAL_NULL_CONVERSION = YES;
				CLANG_WARN_OBJC_LITERAL_CONVERSION = YES;
				CLANG_WARN_OBJC_ROOT_CLASS = YES_ERROR;
				CLANG_WARN_RANGE_LOOP_ANALYSIS = YES;
				CLANG_WARN_STRICT_PROTOTYPES = YES;
				CLANG_WARN_SUSPICIOUS_MOVE = YES;
				CLANG_WARN_UNGUARDED_AVAILABILITY = YES_AGGRESSIVE;
				CLANG_WARN_UNREACHABLE_CODE = YES;
				CLANG_WARN__DUPLICATE_METHOD_MATCH = YES;
				CODE_SIGN_IDENTITY = "iPhone Developer";
				COPY_PHASE_STRIP = NO;
				DEBUG_INFORMATION_FORMAT = dwarf;
				ENABLE_STRICT_OBJC_MSGSEND = YES;
				ENABLE_TESTABILITY = YES;
				GCC_C_LANGUAGE_STANDARD = gnu11;
				GCC_DYNAMIC_NO_PIC = NO;
				GCC_NO_COMMON_BLOCKS = YES;
				GCC_OPTIMIZATION_LEVEL = 0;
				GCC_PREPROCESSOR_DEFINITIONS = (
					"DEBUG=1",
					"$(inherited)",
				);
				GCC_WARN_64_TO_32_BIT_CONVERSION = YES;
				GCC_WARN_ABOUT_RETURN_TYPE = YES_ERROR;
				GCC_WARN_UNDECLARED_SELECTOR = YES;
				GCC_WARN_UNINITIALIZED_AUTOS = YES_AGGRESSIVE;
				GCC_WARN_UNUSED_FUNCTION = YES;
				GCC_WARN_UNUSED_VARIABLE = YES;
				IPHONEOS_DEPLOYMENT_TARGET = 11.2;
				MTL_ENABLE_DEBUG_INFO = YES;
				ONLY_ACTIVE_ARCH = YES;
				SDKROOT = iphoneos;
				SWIFT_ACTIVE_COMPILATION_CONDITIONS = DEBUG;
				SWIFT_OPTIMIZATION_LEVEL = "-Onone";
			};
			name = Debug;
		};
		8043D5B820F4D84F002CCA4E /* Release */ = {
			isa = XCBuildConfiguration;
			buildSettings = {
				ALWAYS_SEARCH_USER_PATHS = NO;
				CLANG_ANALYZER_NONNULL = YES;
				CLANG_ANALYZER_NUMBER_OBJECT_CONVERSION = YES_AGGRESSIVE;
				CLANG_CXX_LANGUAGE_STANDARD = "gnu++14";
				CLANG_CXX_LIBRARY = "libc++";
				CLANG_ENABLE_MODULES = YES;
				CLANG_ENABLE_OBJC_ARC = YES;
				CLANG_WARN_BLOCK_CAPTURE_AUTORELEASING = YES;
				CLANG_WARN_BOOL_CONVERSION = YES;
				CLANG_WARN_COMMA = YES;
				CLANG_WARN_CONSTANT_CONVERSION = YES;
				CLANG_WARN_DIRECT_OBJC_ISA_USAGE = YES_ERROR;
				CLANG_WARN_DOCUMENTATION_COMMENTS = YES;
				CLANG_WARN_EMPTY_BODY = YES;
				CLANG_WARN_ENUM_CONVERSION = YES;
				CLANG_WARN_INFINITE_RECURSION = YES;
				CLANG_WARN_INT_CONVERSION = YES;
				CLANG_WARN_NON_LITERAL_NULL_CONVERSION = YES;
				CLANG_WARN_OBJC_LITERAL_CONVERSION = YES;
				CLANG_WARN_OBJC_ROOT_CLASS = YES_ERROR;
				CLANG_WARN_RANGE_LOOP_ANALYSIS = YES;
				CLANG_WARN_STRICT_PROTOTYPES = YES;
				CLANG_WARN_SUSPICIOUS_MOVE = YES;
				CLANG_WARN_UNGUARDED_AVAILABILITY = YES_AGGRESSIVE;
				CLANG_WARN_UNREACHABLE_CODE = YES;
				CLANG_WARN__DUPLICATE_METHOD_MATCH = YES;
				CODE_SIGN_IDENTITY = "iPhone Developer";
				COPY_PHASE_STRIP = NO;
				DEBUG_INFORMATION_FORMAT = "dwarf-with-dsym";
				ENABLE_NS_ASSERTIONS = NO;
				ENABLE_STRICT_OBJC_MSGSEND = YES;
				GCC_C_LANGUAGE_STANDARD = gnu11;
				GCC_NO_COMMON_BLOCKS = YES;
				GCC_WARN_64_TO_32_BIT_CONVERSION = YES;
				GCC_WARN_ABOUT_RETURN_TYPE = YES_ERROR;
				GCC_WARN_UNDECLARED_SELECTOR = YES;
				GCC_WARN_UNINITIALIZED_AUTOS = YES_AGGRESSIVE;
				GCC_WARN_UNUSED_FUNCTION = YES;
				GCC_WARN_UNUSED_VARIABLE = YES;
				IPHONEOS_DEPLOYMENT_TARGET = 11.2;
				MTL_ENABLE_DEBUG_INFO = NO;
				SDKROOT = iphoneos;
				SWIFT_OPTIMIZATION_LEVEL = "-Owholemodule";
				VALIDATE_PRODUCT = YES;
			};
			name = Release;
		};
		8043D5BA20F4D84F002CCA4E /* Debug */ = {
			isa = XCBuildConfiguration;
			buildSettings = {
				ASSETCATALOG_COMPILER_APPICON_NAME = AppIcon;
				CODE_SIGN_STYLE = Automatic;
				INFOPLIST_FILE = MenuButtonAnimation/Info.plist;
				LD_RUNPATH_SEARCH_PATHS = "$(inherited) @executable_path/Frameworks";
				PRODUCT_BUNDLE_IDENTIFIER = Animators.MenuButtonAnimation;
				PRODUCT_NAME = "$(TARGET_NAME)";
				SWIFT_VERSION = 4.0;
				TARGETED_DEVICE_FAMILY = "1,2";
			};
			name = Debug;
		};
		8043D5BB20F4D84F002CCA4E /* Release */ = {
			isa = XCBuildConfiguration;
			buildSettings = {
				ASSETCATALOG_COMPILER_APPICON_NAME = AppIcon;
				CODE_SIGN_STYLE = Automatic;
				INFOPLIST_FILE = MenuButtonAnimation/Info.plist;
				LD_RUNPATH_SEARCH_PATHS = "$(inherited) @executable_path/Frameworks";
				PRODUCT_BUNDLE_IDENTIFIER = Animators.MenuButtonAnimation;
				PRODUCT_NAME = "$(TARGET_NAME)";
				SWIFT_VERSION = 4.0;
				TARGETED_DEVICE_FAMILY = "1,2";
			};
			name = Release;
		};
/* End XCBuildConfiguration section */

/* Begin XCConfigurationList section */
		8043D5A220F4D84F002CCA4E /* Build configuration list for PBXProject "MenuButtonAnimation" */ = {
			isa = XCConfigurationList;
			buildConfigurations = (
				8043D5B720F4D84F002CCA4E /* Debug */,
				8043D5B820F4D84F002CCA4E /* Release */,
			);
			defaultConfigurationIsVisible = 0;
			defaultConfigurationName = Release;
		};
		8043D5B920F4D84F002CCA4E /* Build configuration list for PBXNativeTarget "MenuButtonAnimation" */ = {
			isa = XCConfigurationList;
			buildConfigurations = (
				8043D5BA20F4D84F002CCA4E /* Debug */,
				8043D5BB20F4D84F002CCA4E /* Release */,
			);
			defaultConfigurationIsVisible = 0;
			defaultConfigurationName = Release;
		};
/* End XCConfigurationList section */
	};
	rootObject = 8043D59F20F4D84F002CCA4E /* Project object */;
}
